Microsoft Visual Studio Solution File, Format Version 12.00
# Visual Studio Version 16
VisualStudioVersion = 16.0.29905.134
MinimumVisualStudioVersion = 10.0.40219.1
Project("{8BC9CEB8-8B4A-11D0-8D11-00A0C91BC942}") = "TS0103", "TS0103\TS0103.vcxproj", "{1D9B84D7-94DA-4604-AE4E-1AABF13D8D7D}"
EndProject
Project("{8BC9CEB8-8B4A-11D0-8D11-00A0C91BC942}") = "TS0104", "TS0104\TS0104.vcxproj", "{7792F266-6FDF-4437-B3F2-02A90FECD3E0}"
EndProject
Project("{8BC9CEB8-8B4A-11D0-8D11-00A0C91BC942}") = "TS0105", "TS0105\TS0105.vcxproj", "{458A3C8D-C254-46B1-9632-2AC6B7EE24C1}"
EndProject
Global
	GlobalSection(SolutionConfigurationPlatforms) = preSolution
		Debug|x64 = Debug|x64
		Debug|x86 = Debug|x86
		Release|x64 = Release|x64
		Release|x86 = Release|x86
	EndGlobalSection
	GlobalSection(ProjectConfigurationPlatforms) = postSolution
		{1D9B84D7-94DA-4604-AE4E-1AABF13D8D7D}.Debug|x64.ActiveCfg = Debug|x64
		{1D9B84D7-94DA-4604-AE4E-1AABF13D8D7D}.Debug|x64.Build.0 = Debug|x64
		{1D9B84D7-94DA-4604-AE4E-1AABF13D8D7D}.Debug|x86.ActiveCfg = Debug|Win32
		{1D9B84D7-94DA-4604-AE4E-1AABF13D8D7D}.Debug|x86.Build.0 = Debug|Win32
		{1D9B84D7-94DA-4604-AE4E-1AABF13D8D7D}.Release|x64.ActiveCfg = Release|x64
		{1D9B84D7-94DA-4604-AE4E-1AABF13D8D7D}.Release|x64.Build.0 = Release|x64
		{1D9B84D7-94DA-4604-AE4E-1AABF13D8D7D}.Release|x86.ActiveCfg = Release|Win32
		{1D9B84D7-94DA-4604-AE4E-1AABF13D8D7D}.Release|x86.Build.0 = Release|Win32
		{7792F266-6FDF-4437-B3F2-02A90FECD3E0}.Debug|x64.ActiveCfg = Debug|x64
		{7792F266-6FDF-4437-B3F2-02A90FECD3E0}.Debug|x64.Build.0 = Debug|x64
		{7792F266-6FDF-4437-B3F2-02A90FECD3E0}.Debug|x86.ActiveCfg = Debug|Win32
		{7792F266-6FDF-4437-B3F2-02A90FECD3E0}.Debug|x86.Build.0 = Debug|Win32
		{7792F266-6FDF-4437-B3F2-02A90FECD3E0}.Release|x64.ActiveCfg = Release|x64
		{7792F266-6FDF-4437-B3F2-02A90FECD3E0}.Release|x64.Build.0 = Release|x64
		{7792F266-6FDF-4437-B3F2-02A90FECD3E0}.Release|x86.ActiveCfg = Release|Win32
		{7792F266-6FDF-4437-B3F2-02A90FECD3E0}.Release|x86.Build.0 = Release|Win32
		{458A3C8D-C254-46B1-9632-2AC6B7EE24C1}.Debug|x64.ActiveCfg = Debug|x64
		{458A3C8D-C254-46B1-9632-2AC6B7EE24C1}.Debug|x64.Build.0 = Debug|x64
		{458A3C8D-C254-46B1-9632-2AC6B7EE24C1}.Debug|x86.ActiveCfg = Debug|Win32
		{458A3C8D-C254-46B1-9632-2AC6B7EE24C1}.Debug|x86.Build.0 = Debug|Win32
		{458A3C8D-C254-46B1-9632-2AC6B7EE24C1}.Release|x64.ActiveCfg = Release|x64
		{458A3C8D-C254-46B1-9632-2AC6B7EE24C1}.Release|x64.Build.0 = Release|x64
		{458A3C8D-C254-46B1-9632-2AC6B7EE24C1}.Release|x86.ActiveCfg = Release|Win32
		{458A3C8D-C254-46B1-9632-2AC6B7EE24C1}.Release|x86.Build.0 = Release|Win32
	EndGlobalSection
	GlobalSection(SolutionProperties) = preSolution
		HideSolutionNode = FALSE
	EndGlobalSection
	GlobalSection(ExtensibilityGlobals) = postSolution
		SolutionGuid = {061BC827-F800-4DFE-8648-6C3ADDD10F58}
	EndGlobalSection
EndGlobal
